
Microsoft Visual Studio Solution File, Format Version 12.00
# Visual Studio Version 16
VisualStudioVersion = 25.0.1705.4
MinimumVisualStudioVersion = 10.0.40219.1
Project("{FAE04EC0-301F-11D3-BF4B-00C04F79EFBC}") = "DeviceBaseApi", "DeviceBaseApi\DeviceBaseApi.csproj", "{761BAC45-DC69-413A-AA6A-130158936F0D}"
EndProject
Global
	GlobalSection(SolutionConfigurationPlatforms) = preSolution
		Debug|Any CPU = Debug|Any CPU
		Release|Any CPU = Release|Any CPU
	EndGlobalSection
	GlobalSection(ProjectConfigurationPlatforms) = postSolution
		{761BAC45-DC69-413A-AA6A-130158936F0D}.Debug|Any CPU.ActiveCfg = Debug|Any CPU
		{761BAC45-DC69-413A-AA6A-130158936F0D}.Debug|Any CPU.Build.0 = Debug|Any CPU
		{761BAC45-DC69-413A-AA6A-130158936F0D}.Release|Any CPU.ActiveCfg = Release|Any CPU
		{761BAC45-DC69-413A-AA6A-130158936F0D}.Release|Any CPU.Build.0 = Release|Any CPU
	EndGlobalSection
	GlobalSection(SolutionProperties) = preSolution
		HideSolutionNode = FALSE
	EndGlobalSection
	GlobalSection(ExtensibilityGlobals) = postSolution
		SolutionGuid = {C1024C74-40A1-4F6A-8ECA-868F48611B79}
	EndGlobalSection
EndGlobal
