
Microsoft Visual Studio Solution File, Format Version 12.00
# Visual Studio Version 17
VisualStudioVersion = 17.5.33530.505
MinimumVisualStudioVersion = 10.0.40219.1
Project("{FAE04EC0-301F-11D3-BF4B-00C04F79EFBC}") = "DeviceBaseApi", "DeviceBaseApi\DeviceBaseApi.csproj", "{B1FF5E14-66C4-44EE-8024-5CE4E882D4AA}"
EndProject
Global
	GlobalSection(SolutionConfigurationPlatforms) = preSolution
		Debug|Any CPU = Debug|Any CPU
		Release|Any CPU = Release|Any CPU
	EndGlobalSection
	GlobalSection(ProjectConfigurationPlatforms) = postSolution
		{B1FF5E14-66C4-44EE-8024-5CE4E882D4AA}.Debug|Any CPU.ActiveCfg = Debug|Any CPU
		{B1FF5E14-66C4-44EE-8024-5CE4E882D4AA}.Debug|Any CPU.Build.0 = Debug|Any CPU
		{B1FF5E14-66C4-44EE-8024-5CE4E882D4AA}.Release|Any CPU.ActiveCfg = Release|Any CPU
		{B1FF5E14-66C4-44EE-8024-5CE4E882D4AA}.Release|Any CPU.Build.0 = Release|Any CPU
	EndGlobalSection
	GlobalSection(SolutionProperties) = preSolution
		HideSolutionNode = FALSE
	EndGlobalSection
	GlobalSection(ExtensibilityGlobals) = postSolution
		SolutionGuid = {1AE53E31-CD20-4AF8-AFB8-D982EE4C9C97}
	EndGlobalSection
EndGlobal
